// !$*UTF8*$!
{
	archiveVersion = 1;
	classes = {
	};
	objectVersion = 56;
	objects = {

/* Begin PBXBuildFile section */
		F4DF82A72A3A3F06008224C9 /* AppDelegate.swift in Sources */ = {isa = PBXBuildFile; fileRef = F4DF82A62A3A3F06008224C9 /* AppDelegate.swift */; };
		F4DF82A92A3A3F06008224C9 /* SceneDelegate.swift in Sources */ = {isa = PBXBuildFile; fileRef = F4DF82A82A3A3F06008224C9 /* SceneDelegate.swift */; };
		F4DF82AB2A3A3F06008224C9 /* ViewController.swift in Sources */ = {isa = PBXBuildFile; fileRef = F4DF82AA2A3A3F06008224C9 /* ViewController.swift */; };
		F4DF82AE2A3A3F06008224C9 /* Main.storyboard in Resources */ = {isa = PBXBuildFile; fileRef = F4DF82AC2A3A3F06008224C9 /* Main.storyboard */; };
		F4DF82B02A3A3F07008224C9 /* Assets.xcassets in Resources */ = {isa = PBXBuildFile; fileRef = F4DF82AF2A3A3F07008224C9 /* Assets.xcassets */; };
		F4DF82B32A3A3F07008224C9 /* LaunchScreen.storyboard in Resources */ = {isa = PBXBuildFile; fileRef = F4DF82B12A3A3F07008224C9 /* LaunchScreen.storyboard */; };
		F4DF82BE2A3A3F07008224C9 /* Sprin3Tests.swift in Sources */ = {isa = PBXBuildFile; fileRef = F4DF82BD2A3A3F07008224C9 /* Sprin3Tests.swift */; };
		F4DF82C82A3A3F07008224C9 /* Sprin3UITests.swift in Sources */ = {isa = PBXBuildFile; fileRef = F4DF82C72A3A3F07008224C9 /* Sprin3UITests.swift */; };
		F4DF82CA2A3A3F07008224C9 /* Sprin3UITestsLaunchTests.swift in Sources */ = {isa = PBXBuildFile; fileRef = F4DF82C92A3A3F07008224C9 /* Sprin3UITestsLaunchTests.swift */; };
/* End PBXBuildFile section */

/* Begin PBXContainerItemProxy section */
		F4DF82BA2A3A3F07008224C9 /* PBXContainerItemProxy */ = {
			isa = PBXContainerItemProxy;
			containerPortal = F4DF829B2A3A3F06008224C9 /* Project object */;
			proxyType = 1;
			remoteGlobalIDString = F4DF82A22A3A3F06008224C9;
			remoteInfo = Sprin3;
		};
		F4DF82C42A3A3F07008224C9 /* PBXContainerItemProxy */ = {
			isa = PBXContainerItemProxy;
			containerPortal = F4DF829B2A3A3F06008224C9 /* Project object */;
			proxyType = 1;
			remoteGlobalIDString = F4DF82A22A3A3F06008224C9;
			remoteInfo = Sprin3;
		};
/* End PBXContainerItemProxy section */

/* Begin PBXFileReference section */
		F4DF82A32A3A3F06008224C9 /* Sprin3.app */ = {isa = PBXFileReference; explicitFileType = wrapper.application; includeInIndex = 0; path = Sprin3.app; sourceTree = BUILT_PRODUCTS_DIR; };
		F4DF82A62A3A3F06008224C9 /* AppDelegate.swift */ = {isa = PBXFileReference; lastKnownFileType = sourcecode.swift; path = AppDelegate.swift; sourceTree = "<group>"; };
		F4DF82A82A3A3F06008224C9 /* SceneDelegate.swift */ = {isa = PBXFileReference; lastKnownFileType = sourcecode.swift; path = SceneDelegate.swift; sourceTree = "<group>"; };
		F4DF82AA2A3A3F06008224C9 /* ViewController.swift */ = {isa = PBXFileReference; lastKnownFileType = sourcecode.swift; path = ViewController.swift; sourceTree = "<group>"; };
		F4DF82AD2A3A3F06008224C9 /* Base */ = {isa = PBXFileReference; lastKnownFileType = file.storyboard; name = Base; path = Base.lproj/Main.storyboard; sourceTree = "<group>"; };
		F4DF82AF2A3A3F07008224C9 /* Assets.xcassets */ = {isa = PBXFileReference; lastKnownFileType = folder.assetcatalog; path = Assets.xcassets; sourceTree = "<group>"; };
		F4DF82B22A3A3F07008224C9 /* Base */ = {isa = PBXFileReference; lastKnownFileType = file.storyboard; name = Base; path = Base.lproj/LaunchScreen.storyboard; sourceTree = "<group>"; };
		F4DF82B42A3A3F07008224C9 /* Info.plist */ = {isa = PBXFileReference; lastKnownFileType = text.plist.xml; path = Info.plist; sourceTree = "<group>"; };
		F4DF82B92A3A3F07008224C9 /* Sprin3Tests.xctest */ = {isa = PBXFileReference; explicitFileType = wrapper.cfbundle; includeInIndex = 0; path = Sprin3Tests.xctest; sourceTree = BUILT_PRODUCTS_DIR; };
		F4DF82BD2A3A3F07008224C9 /* Sprin3Tests.swift */ = {isa = PBXFileReference; lastKnownFileType = sourcecode.swift; path = Sprin3Tests.swift; sourceTree = "<group>"; };
		F4DF82C32A3A3F07008224C9 /* Sprin3UITests.xctest */ = {isa = PBXFileReference; explicitFileType = wrapper.cfbundle; includeInIndex = 0; path = Sprin3UITests.xctest; sourceTree = BUILT_PRODUCTS_DIR; };
		F4DF82C72A3A3F07008224C9 /* Sprin3UITests.swift */ = {isa = PBXFileReference; lastKnownFileType = sourcecode.swift; path = Sprin3UITests.swift; sourceTree = "<group>"; };
		F4DF82C92A3A3F07008224C9 /* Sprin3UITestsLaunchTests.swift */ = {isa = PBXFileReference; lastKnownFileType = sourcecode.swift; path = Sprin3UITestsLaunchTests.swift; sourceTree = "<group>"; };
/* End PBXFileReference section */

/* Begin PBXFrameworksBuildPhase section */
		F4DF82A02A3A3F06008224C9 /* Frameworks */ = {
			isa = PBXFrameworksBuildPhase;
			buildActionMask = 2147483647;
			files = (
			);
			runOnlyForDeploymentPostprocessing = 0;
		};
		F4DF82B62A3A3F07008224C9 /* Frameworks */ = {
			isa = PBXFrameworksBuildPhase;
			buildActionMask = 2147483647;
			files = (
			);
			runOnlyForDeploymentPostprocessing = 0;
		};
		F4DF82C02A3A3F07008224C9 /* Frameworks */ = {
			isa = PBXFrameworksBuildPhase;
			buildActionMask = 2147483647;
			files = (
			);
			runOnlyForDeploymentPostprocessing = 0;
		};
/* End PBXFrameworksBuildPhase section */

/* Begin PBXGroup section */
		F4DF829A2A3A3F06008224C9 = {
			isa = PBXGroup;
			children = (
				F4DF82A52A3A3F06008224C9 /* Sprin3 */,
				F4DF82BC2A3A3F07008224C9 /* Sprin3Tests */,
				F4DF82C62A3A3F07008224C9 /* Sprin3UITests */,
				F4DF82A42A3A3F06008224C9 /* Products */,
			);
			sourceTree = "<group>";
		};
		F4DF82A42A3A3F06008224C9 /* Products */ = {
			isa = PBXGroup;
			children = (
				F4DF82A32A3A3F06008224C9 /* Sprin3.app */,
				F4DF82B92A3A3F07008224C9 /* Sprin3Tests.xctest */,
				F4DF82C32A3A3F07008224C9 /* Sprin3UITests.xctest */,
			);
			name = Products;
			sourceTree = "<group>";
		};
		F4DF82A52A3A3F06008224C9 /* Sprin3 */ = {
			isa = PBXGroup;
			children = (
				F4DF82A62A3A3F06008224C9 /* AppDelegate.swift */,
				F4DF82A82A3A3F06008224C9 /* SceneDelegate.swift */,
				F4DF82AA2A3A3F06008224C9 /* ViewController.swift */,
				F4DF82AC2A3A3F06008224C9 /* Main.storyboard */,
				F4DF82AF2A3A3F07008224C9 /* Assets.xcassets */,
				F4DF82B12A3A3F07008224C9 /* LaunchScreen.storyboard */,
				F4DF82B42A3A3F07008224C9 /* Info.plist */,
			);
			path = Sprin3;
			sourceTree = "<group>";
		};
		F4DF82BC2A3A3F07008224C9 /* Sprin3Tests */ = {
			isa = PBXGroup;
			children = (
				F4DF82BD2A3A3F07008224C9 /* Sprin3Tests.swift */,
			);
			path = Sprin3Tests;
			sourceTree = "<group>";
		};
		F4DF82C62A3A3F07008224C9 /* Sprin3UITests */ = {
			isa = PBXGroup;
			children = (
				F4DF82C72A3A3F07008224C9 /* Sprin3UITests.swift */,
				F4DF82C92A3A3F07008224C9 /* Sprin3UITestsLaunchTests.swift */,
			);
			path = Sprin3UITests;
			sourceTree = "<group>";
		};
/* End PBXGroup section */

/* Begin PBXNativeTarget section */
		F4DF82A22A3A3F06008224C9 /* Sprin3 */ = {
			isa = PBXNativeTarget;
			buildConfigurationList = F4DF82CD2A3A3F07008224C9 /* Build configuration list for PBXNativeTarget "Sprin3" */;
			buildPhases = (
				F4DF829F2A3A3F06008224C9 /* Sources */,
				F4DF82A02A3A3F06008224C9 /* Frameworks */,
				F4DF82A12A3A3F06008224C9 /* Resources */,
			);
			buildRules = (
			);
			dependencies = (
			);
			name = Sprin3;
			productName = Sprin3;
			productReference = F4DF82A32A3A3F06008224C9 /* Sprin3.app */;
			productType = "com.apple.product-type.application";
		};
		F4DF82B82A3A3F07008224C9 /* Sprin3Tests */ = {
			isa = PBXNativeTarget;
			buildConfigurationList = F4DF82D02A3A3F07008224C9 /* Build configuration list for PBXNativeTarget "Sprin3Tests" */;
			buildPhases = (
				F4DF82B52A3A3F07008224C9 /* Sources */,
				F4DF82B62A3A3F07008224C9 /* Frameworks */,
				F4DF82B72A3A3F07008224C9 /* Resources */,
			);
			buildRules = (
			);
			dependencies = (
				F4DF82BB2A3A3F07008224C9 /* PBXTargetDependency */,
			);
			name = Sprin3Tests;
			productName = Sprin3Tests;
			productReference = F4DF82B92A3A3F07008224C9 /* Sprin3Tests.xctest */;
			productType = "com.apple.product-type.bundle.unit-test";
		};
		F4DF82C22A3A3F07008224C9 /* Sprin3UITests */ = {
			isa = PBXNativeTarget;
			buildConfigurationList = F4DF82D32A3A3F07008224C9 /* Build configuration list for PBXNativeTarget "Sprin3UITests" */;
			buildPhases = (
				F4DF82BF2A3A3F07008224C9 /* Sources */,
				F4DF82C02A3A3F07008224C9 /* Frameworks */,
				F4DF82C12A3A3F07008224C9 /* Resources */,
			);
			buildRules = (
			);
			dependencies = (
				F4DF82C52A3A3F07008224C9 /* PBXTargetDependency */,
			);
			name = Sprin3UITests;
			productName = Sprin3UITests;
			productReference = F4DF82C32A3A3F07008224C9 /* Sprin3UITests.xctest */;
			productType = "com.apple.product-type.bundle.ui-testing";
		};
/* End PBXNativeTarget section */

/* Begin PBXProject section */
		F4DF829B2A3A3F06008224C9 /* Project object */ = {
			isa = PBXProject;
			attributes = {
				BuildIndependentTargetsInParallel = 1;
				LastSwiftUpdateCheck = 1430;
				LastUpgradeCheck = 1430;
				TargetAttributes = {
					F4DF82A22A3A3F06008224C9 = {
						CreatedOnToolsVersion = 14.3.1;
					};
					F4DF82B82A3A3F07008224C9 = {
						CreatedOnToolsVersion = 14.3.1;
						TestTargetID = F4DF82A22A3A3F06008224C9;
					};
					F4DF82C22A3A3F07008224C9 = {
						CreatedOnToolsVersion = 14.3.1;
						TestTargetID = F4DF82A22A3A3F06008224C9;
					};
				};
			};
			buildConfigurationList = F4DF829E2A3A3F06008224C9 /* Build configuration list for PBXProject "Sprin3" */;
			compatibilityVersion = "Xcode 14.0";
			developmentRegion = en;
			hasScannedForEncodings = 0;
			knownRegions = (
				en,
				Base,
			);
			mainGroup = F4DF829A2A3A3F06008224C9;
			productRefGroup = F4DF82A42A3A3F06008224C9 /* Products */;
			projectDirPath = "";
			projectRoot = "";
			targets = (
				F4DF82A22A3A3F06008224C9 /* Sprin3 */,
				F4DF82B82A3A3F07008224C9 /* Sprin3Tests */,
				F4DF82C22A3A3F07008224C9 /* Sprin3UITests */,
			);
		};
/* End PBXProject section */

/* Begin PBXResourcesBuildPhase section */
		F4DF82A12A3A3F06008224C9 /* Resources */ = {
			isa = PBXResourcesBuildPhase;
			buildActionMask = 2147483647;
			files = (
				F4DF82B32A3A3F07008224C9 /* LaunchScreen.storyboard in Resources */,
				F4DF82B02A3A3F07008224C9 /* Assets.xcassets in Resources */,
				F4DF82AE2A3A3F06008224C9 /* Main.storyboard in Resources */,
			);
			runOnlyForDeploymentPostprocessing = 0;
		};
		F4DF82B72A3A3F07008224C9 /* Resources */ = {
			isa = PBXResourcesBuildPhase;
			buildActionMask = 2147483647;
			files = (
			);
			runOnlyForDeploymentPostprocessing = 0;
		};
		F4DF82C12A3A3F07008224C9 /* Resources */ = {
			isa = PBXResourcesBuildPhase;
			buildActionMask = 2147483647;
			files = (
			);
			runOnlyForDeploymentPostprocessing = 0;
		};
/* End PBXResourcesBuildPhase section */

/* Begin PBXSourcesBuildPhase section */
		F4DF829F2A3A3F06008224C9 /* Sources */ = {
			isa = PBXSourcesBuildPhase;
			buildActionMask = 2147483647;
			files = (
				F4DF82AB2A3A3F06008224C9 /* ViewController.swift in Sources */,
				F4DF82A72A3A3F06008224C9 /* AppDelegate.swift in Sources */,
				F4DF82A92A3A3F06008224C9 /* SceneDelegate.swift in Sources */,
			);
			runOnlyForDeploymentPostprocessing = 0;
		};
		F4DF82B52A3A3F07008224C9 /* Sources */ = {
			isa = PBXSourcesBuildPhase;
			buildActionMask = 2147483647;
			files = (
				F4DF82BE2A3A3F07008224C9 /* Sprin3Tests.swift in Sources */,
			);
			runOnlyForDeploymentPostprocessing = 0;
		};
		F4DF82BF2A3A3F07008224C9 /* Sources */ = {
			isa = PBXSourcesBuildPhase;
			buildActionMask = 2147483647;
			files = (
				F4DF82C82A3A3F07008224C9 /* Sprin3UITests.swift in Sources */,
				F4DF82CA2A3A3F07008224C9 /* Sprin3UITestsLaunchTests.swift in Sources */,
			);
			runOnlyForDeploymentPostprocessing = 0;
		};
/* End PBXSourcesBuildPhase section */

/* Begin PBXTargetDependency section */
		F4DF82BB2A3A3F07008224C9 /* PBXTargetDependency */ = {
			isa = PBXTargetDependency;
			target = F4DF82A22A3A3F06008224C9 /* Sprin3 */;
			targetProxy = F4DF82BA2A3A3F07008224C9 /* PBXContainerItemProxy */;
		};
		F4DF82C52A3A3F07008224C9 /* PBXTargetDependency */ = {
			isa = PBXTargetDependency;
			target = F4DF82A22A3A3F06008224C9 /* Sprin3 */;
			targetProxy = F4DF82C42A3A3F07008224C9 /* PBXContainerItemProxy */;
		};
/* End PBXTargetDependency section */

/* Begin PBXVariantGroup section */
		F4DF82AC2A3A3F06008224C9 /* Main.storyboard */ = {
			isa = PBXVariantGroup;
			children = (
				F4DF82AD2A3A3F06008224C9 /* Base */,
			);
			name = Main.storyboard;
			sourceTree = "<group>";
		};
		F4DF82B12A3A3F07008224C9 /* LaunchScreen.storyboard */ = {
			isa = PBXVariantGroup;
			children = (
				F4DF82B22A3A3F07008224C9 /* Base */,
			);
			name = LaunchScreen.storyboard;
			sourceTree = "<group>";
		};
/* End PBXVariantGroup section */

/* Begin XCBuildConfiguration section */
		F4DF82CB2A3A3F07008224C9 /* Debug */ = {
			isa = XCBuildConfiguration;
			buildSettings = {
				ALWAYS_SEARCH_USER_PATHS = NO;
				CLANG_ANALYZER_NONNULL = YES;
				CLANG_ANALYZER_NUMBER_OBJECT_CONVERSION = YES_AGGRESSIVE;
				CLANG_CXX_LANGUAGE_STANDARD = "gnu++20";
				CLANG_ENABLE_MODULES = YES;
				CLANG_ENABLE_OBJC_ARC = YES;
				CLANG_ENABLE_OBJC_WEAK = YES;
				CLANG_WARN_BLOCK_CAPTURE_AUTORELEASING = YES;
				CLANG_WARN_BOOL_CONVERSION = YES;
				CLANG_WARN_COMMA = YES;
				CLANG_WARN_CONSTANT_CONVERSION = YES;
				CLANG_WARN_DEPRECATED_OBJC_IMPLEMENTATIONS = YES;
				CLANG_WARN_DIRECT_OBJC_ISA_USAGE = YES_ERROR;
				CLANG_WARN_DOCUMENTATION_COMMENTS = YES;
				CLANG_WARN_EMPTY_BODY = YES;
				CLANG_WARN_ENUM_CONVERSION = YES;
				CLANG_WARN_INFINITE_RECURSION = YES;
				CLANG_WARN_INT_CONVERSION = YES;
				CLANG_WARN_NON_LITERAL_NULL_CONVERSION = YES;
				CLANG_WARN_OBJC_IMPLICIT_RETAIN_SELF = YES;
				CLANG_WARN_OBJC_LITERAL_CONVERSION = YES;
				CLANG_WARN_OBJC_ROOT_CLASS = YES_ERROR;
				CLANG_WARN_QUOTED_INCLUDE_IN_FRAMEWORK_HEADER = YES;
				CLANG_WARN_RANGE_LOOP_ANALYSIS = YES;
				CLANG_WARN_STRICT_PROTOTYPES = YES;
				CLANG_WARN_SUSPICIOUS_MOVE = YES;
				CLANG_WARN_UNGUARDED_AVAILABILITY = YES_AGGRESSIVE;
				CLANG_WARN_UNREACHABLE_CODE = YES;
				CLANG_WARN__DUPLICATE_METHOD_MATCH = YES;
				COPY_PHASE_STRIP = NO;
				DEBUG_INFORMATION_FORMAT = dwarf;
				ENABLE_STRICT_OBJC_MSGSEND = YES;
				ENABLE_TESTABILITY = YES;
				GCC_C_LANGUAGE_STANDARD = gnu11;
				GCC_DYNAMIC_NO_PIC = NO;
				GCC_NO_COMMON_BLOCKS = YES;
				GCC_OPTIMIZATION_LEVEL = 0;
				GCC_PREPROCESSOR_DEFINITIONS = (
					"DEBUG=1",
					"$(inherited)",
				);
				GCC_WARN_64_TO_32_BIT_CONVERSION = YES;
				GCC_WARN_ABOUT_RETURN_TYPE = YES_ERROR;
				GCC_WARN_UNDECLARED_SELECTOR = YES;
				GCC_WARN_UNINITIALIZED_AUTOS = YES_AGGRESSIVE;
				GCC_WARN_UNUSED_FUNCTION = YES;
				GCC_WARN_UNUSED_VARIABLE = YES;
				IPHONEOS_DEPLOYMENT_TARGET = 16.4;
				MTL_ENABLE_DEBUG_INFO = INCLUDE_SOURCE;
				MTL_FAST_MATH = YES;
				ONLY_ACTIVE_ARCH = YES;
				SDKROOT = iphoneos;
				SWIFT_ACTIVE_COMPILATION_CONDITIONS = DEBUG;
				SWIFT_OPTIMIZATION_LEVEL = "-Onone";
			};
			name = Debug;
		};
		F4DF82CC2A3A3F07008224C9 /* Release */ = {
			isa = XCBuildConfiguration;
			buildSettings = {
				ALWAYS_SEARCH_USER_PATHS = NO;
				CLANG_ANALYZER_NONNULL = YES;
				CLANG_ANALYZER_NUMBER_OBJECT_CONVERSION = YES_AGGRESSIVE;
				CLANG_CXX_LANGUAGE_STANDARD = "gnu++20";
				CLANG_ENABLE_MODULES = YES;
				CLANG_ENABLE_OBJC_ARC = YES;
				CLANG_ENABLE_OBJC_WEAK = YES;
				CLANG_WARN_BLOCK_CAPTURE_AUTORELEASING = YES;
				CLANG_WARN_BOOL_CONVERSION = YES;
				CLANG_WARN_COMMA = YES;
				CLANG_WARN_CONSTANT_CONVERSION = YES;
				CLANG_WARN_DEPRECATED_OBJC_IMPLEMENTATIONS = YES;
				CLANG_WARN_DIRECT_OBJC_ISA_USAGE = YES_ERROR;
				CLANG_WARN_DOCUMENTATION_COMMENTS = YES;
				CLANG_WARN_EMPTY_BODY = YES;
				CLANG_WARN_ENUM_CONVERSION = YES;
				CLANG_WARN_INFINITE_RECURSION = YES;
				CLANG_WARN_INT_CONVERSION = YES;
				CLANG_WARN_NON_LITERAL_NULL_CONVERSION = YES;
				CLANG_WARN_OBJC_IMPLICIT_RETAIN_SELF = YES;
				CLANG_WARN_OBJC_LITERAL_CONVERSION = YES;
				CLANG_WARN_OBJC_ROOT_CLASS = YES_ERROR;
				CLANG_WARN_QUOTED_INCLUDE_IN_FRAMEWORK_HEADER = YES;
				CLANG_WARN_RANGE_LOOP_ANALYSIS = YES;
				CLANG_WARN_STRICT_PROTOTYPES = YES;
				CLANG_WARN_SUSPICIOUS_MOVE = YES;
				CLANG_WARN_UNGUARDED_AVAILABILITY = YES_AGGRESSIVE;
				CLANG_WARN_UNREACHABLE_CODE = YES;
				CLANG_WARN__DUPLICATE_METHOD_MATCH = YES;
				COPY_PHASE_STRIP = NO;
				DEBUG_INFORMATION_FORMAT = "dwarf-with-dsym";
				ENABLE_NS_ASSERTIONS = NO;
				ENABLE_STRICT_OBJC_MSGSEND = YES;
				GCC_C_LANGUAGE_STANDARD = gnu11;
				GCC_NO_COMMON_BLOCKS = YES;
				GCC_WARN_64_TO_32_BIT_CONVERSION = YES;
				GCC_WARN_ABOUT_RETURN_TYPE = YES_ERROR;
				GCC_WARN_UNDECLARED_SELECTOR = YES;
				GCC_WARN_UNINITIALIZED_AUTOS = YES_AGGRESSIVE;
				GCC_WARN_UNUSED_FUNCTION = YES;
				GCC_WARN_UNUSED_VARIABLE = YES;
				IPHONEOS_DEPLOYMENT_TARGET = 16.4;
				MTL_ENABLE_DEBUG_INFO = NO;
				MTL_FAST_MATH = YES;
				SDKROOT = iphoneos;
				SWIFT_COMPILATION_MODE = wholemodule;
				SWIFT_OPTIMIZATION_LEVEL = "-O";
				VALIDATE_PRODUCT = YES;
			};
			name = Release;
		};
		F4DF82CE2A3A3F07008224C9 /* Debug */ = {
			isa = XCBuildConfiguration;
			buildSettings = {
				ASSETCATALOG_COMPILER_APPICON_NAME = AppIcon;
				ASSETCATALOG_COMPILER_GLOBAL_ACCENT_COLOR_NAME = AccentColor;
				CODE_SIGN_STYLE = Automatic;
				CURRENT_PROJECT_VERSION = 1;
				GENERATE_INFOPLIST_FILE = YES;
				INFOPLIST_FILE = Sprin3/Info.plist;
				INFOPLIST_KEY_UIApplicationSupportsIndirectInputEvents = YES;
				INFOPLIST_KEY_UILaunchStoryboardName = LaunchScreen;
				INFOPLIST_KEY_UIMainStoryboardFile = Main;
				INFOPLIST_KEY_UISupportedInterfaceOrientations_iPad = "UIInterfaceOrientationPortrait UIInterfaceOrientationPortraitUpsideDown UIInterfaceOrientationLandscapeLeft UIInterfaceOrientationLandscapeRight";
				INFOPLIST_KEY_UISupportedInterfaceOrientations_iPhone = "UIInterfaceOrientationPortrait UIInterfaceOrientationLandscapeLeft UIInterfaceOrientationLandscapeRight";
				LD_RUNPATH_SEARCH_PATHS = (
					"$(inherited)",
					"@executable_path/Frameworks",
				);
				MARKETING_VERSION = 1.0;
				PRODUCT_BUNDLE_IDENTIFIER = test.Sprin3;
				PRODUCT_NAME = "$(TARGET_NAME)";
				SWIFT_EMIT_LOC_STRINGS = YES;
				SWIFT_VERSION = 5.0;
				TARGETED_DEVICE_FAMILY = "1,2";
			};
			name = Debug;
		};
		F4DF82CF2A3A3F07008224C9 /* Release */ = {
			isa = XCBuildConfiguration;
			buildSettings = {
				ASSETCATALOG_COMPILER_APPICON_NAME = AppIcon;
				ASSETCATALOG_COMPILER_GLOBAL_ACCENT_COLOR_NAME = AccentColor;
				CODE_SIGN_STYLE = Automatic;
				CURRENT_PROJECT_VERSION = 1;
				GENERATE_INFOPLIST_FILE = YES;
				INFOPLIST_FILE = Sprin3/Info.plist;
				INFOPLIST_KEY_UIApplicationSupportsIndirectInputEvents = YES;
				INFOPLIST_KEY_UILaunchStoryboardName = LaunchScreen;
				INFOPLIST_KEY_UIMainStoryboardFile = Main;
				INFOPLIST_KEY_UISupportedInterfaceOrientations_iPad = "UIInterfaceOrientationPortrait UIInterfaceOrientationPortraitUpsideDown UIInterfaceOrientationLandscapeLeft UIInterfaceOrientationLandscapeRight";
				INFOPLIST_KEY_UISupportedInterfaceOrientations_iPhone = "UIInterfaceOrientationPortrait UIInterfaceOrientationLandscapeLeft UIInterfaceOrientationLandscapeRight";
				LD_RUNPATH_SEARCH_PATHS = (
					"$(inherited)",
					"@executable_path/Frameworks",
				);
				MARKETING_VERSION = 1.0;
				PRODUCT_BUNDLE_IDENTIFIER = test.Sprin3;
				PRODUCT_NAME = "$(TARGET_NAME)";
				SWIFT_EMIT_LOC_STRINGS = YES;
				SWIFT_VERSION = 5.0;
				TARGETED_DEVICE_FAMILY = "1,2";
			};
			name = Release;
		};
		F4DF82D12A3A3F07008224C9 /* Debug */ = {
			isa = XCBuildConfiguration;
			buildSettings = {
				ALWAYS_EMBED_SWIFT_STANDARD_LIBRARIES = YES;
				BUNDLE_LOADER = "$(TEST_HOST)";
				CODE_SIGN_STYLE = Automatic;
				CURRENT_PROJECT_VERSION = 1;
				GENERATE_INFOPLIST_FILE = YES;
				IPHONEOS_DEPLOYMENT_TARGET = 16.4;
				MARKETING_VERSION = 1.0;
				PRODUCT_BUNDLE_IDENTIFIER = test.Sprin3Tests;
				PRODUCT_NAME = "$(TARGET_NAME)";
				SWIFT_EMIT_LOC_STRINGS = NO;
				SWIFT_VERSION = 5.0;
				TARGETED_DEVICE_FAMILY = "1,2";
				TEST_HOST = "$(BUILT_PRODUCTS_DIR)/Sprin3.app/$(BUNDLE_EXECUTABLE_FOLDER_PATH)/Sprin3";
			};
			name = Debug;
		};
		F4DF82D22A3A3F07008224C9 /* Release */ = {
			isa = XCBuildConfiguration;
			buildSettings = {
				ALWAYS_EMBED_SWIFT_STANDARD_LIBRARIES = YES;
				BUNDLE_LOADER = "$(TEST_HOST)";
				CODE_SIGN_STYLE = Automatic;
				CURRENT_PROJECT_VERSION = 1;
				GENERATE_INFOPLIST_FILE = YES;
				IPHONEOS_DEPLOYMENT_TARGET = 16.4;
				MARKETING_VERSION = 1.0;
				PRODUCT_BUNDLE_IDENTIFIER = test.Sprin3Tests;
				PRODUCT_NAME = "$(TARGET_NAME)";
				SWIFT_EMIT_LOC_STRINGS = NO;
				SWIFT_VERSION = 5.0;
				TARGETED_DEVICE_FAMILY = "1,2";
				TEST_HOST = "$(BUILT_PRODUCTS_DIR)/Sprin3.app/$(BUNDLE_EXECUTABLE_FOLDER_PATH)/Sprin3";
			};
			name = Release;
		};
		F4DF82D42A3A3F07008224C9 /* Debug */ = {
			isa = XCBuildConfiguration;
			buildSettings = {
				ALWAYS_EMBED_SWIFT_STANDARD_LIBRARIES = YES;
				CODE_SIGN_STYLE = Automatic;
				CURRENT_PROJECT_VERSION = 1;
				GENERATE_INFOPLIST_FILE = YES;
				MARKETING_VERSION = 1.0;
				PRODUCT_BUNDLE_IDENTIFIER = test.Sprin3UITests;
				PRODUCT_NAME = "$(TARGET_NAME)";
				SWIFT_EMIT_LOC_STRINGS = NO;
				SWIFT_VERSION = 5.0;
				TARGETED_DEVICE_FAMILY = "1,2";
				TEST_TARGET_NAME = Sprin3;
			};
			name = Debug;
		};
		F4DF82D52A3A3F07008224C9 /* Release */ = {
			isa = XCBuildConfiguration;
			buildSettings = {
				ALWAYS_EMBED_SWIFT_STANDARD_LIBRARIES = YES;
				CODE_SIGN_STYLE = Automatic;
				CURRENT_PROJECT_VERSION = 1;
				GENERATE_INFOPLIST_FILE = YES;
				MARKETING_VERSION = 1.0;
				PRODUCT_BUNDLE_IDENTIFIER = test.Sprin3UITests;
				PRODUCT_NAME = "$(TARGET_NAME)";
				SWIFT_EMIT_LOC_STRINGS = NO;
				SWIFT_VERSION = 5.0;
				TARGETED_DEVICE_FAMILY = "1,2";
				TEST_TARGET_NAME = Sprin3;
			};
			name = Release;
		};
/* End XCBuildConfiguration section */

/* Begin XCConfigurationList section */
		F4DF829E2A3A3F06008224C9 /* Build configuration list for PBXProject "Sprin3" */ = {
			isa = XCConfigurationList;
			buildConfigurations = (
				F4DF82CB2A3A3F07008224C9 /* Debug */,
				F4DF82CC2A3A3F07008224C9 /* Release */,
			);
			defaultConfigurationIsVisible = 0;
			defaultConfigurationName = Release;
		};
		F4DF82CD2A3A3F07008224C9 /* Build configuration list for PBXNativeTarget "Sprin3" */ = {
			isa = XCConfigurationList;
			buildConfigurations = (
				F4DF82CE2A3A3F07008224C9 /* Debug */,
				F4DF82CF2A3A3F07008224C9 /* Release */,
			);
			defaultConfigurationIsVisible = 0;
			defaultConfigurationName = Release;
		};
		F4DF82D02A3A3F07008224C9 /* Build configuration list for PBXNativeTarget "Sprin3Tests" */ = {
			isa = XCConfigurationList;
			buildConfigurations = (
				F4DF82D12A3A3F07008224C9 /* Debug */,
				F4DF82D22A3A3F07008224C9 /* Release */,
			);
			defaultConfigurationIsVisible = 0;
			defaultConfigurationName = Release;
		};
		F4DF82D32A3A3F07008224C9 /* Build configuration list for PBXNativeTarget "Sprin3UITests" */ = {
			isa = XCConfigurationList;
			buildConfigurations = (
				F4DF82D42A3A3F07008224C9 /* Debug */,
				F4DF82D52A3A3F07008224C9 /* Release */,
			);
			defaultConfigurationIsVisible = 0;
			defaultConfigurationName = Release;
		};
/* End XCConfigurationList section */
	};
	rootObject = F4DF829B2A3A3F06008224C9 /* Project object */;
}
